
Microsoft Visual Studio Solution File, Format Version 12.00
# Visual Studio Version 16
VisualStudioVersion = 16.0.31112.23
MinimumVisualStudioVersion = 10.0.40219.1
Project("{FAE04EC0-301F-11D3-BF4B-00C04F79EFBC}") = "jpg_dsp_thread", "jpg_dsp_thread\jpg_dsp_thread.csproj", "{C919BC95-A96E-4B60-826B-4F04D50388DB}"
EndProject
Global
	GlobalSection(SolutionConfigurationPlatforms) = preSolution
		Debug|Any CPU = Debug|Any CPU
		Release|Any CPU = Release|Any CPU
	EndGlobalSection
	GlobalSection(ProjectConfigurationPlatforms) = postSolution
		{C919BC95-A96E-4B60-826B-4F04D50388DB}.Debug|Any CPU.ActiveCfg = Debug|Any CPU
		{C919BC95-A96E-4B60-826B-4F04D50388DB}.Debug|Any CPU.Build.0 = Debug|Any CPU
		{C919BC95-A96E-4B60-826B-4F04D50388DB}.Release|Any CPU.ActiveCfg = Release|Any CPU
		{C919BC95-A96E-4B60-826B-4F04D50388DB}.Release|Any CPU.Build.0 = Release|Any CPU
	EndGlobalSection
	GlobalSection(SolutionProperties) = preSolution
		HideSolutionNode = FALSE
	EndGlobalSection
	GlobalSection(ExtensibilityGlobals) = postSolution
		SolutionGuid = {71FD48E2-981A-4511-85AA-CD1D4573B67D}
	EndGlobalSection
EndGlobal
